
Microsoft Visual Studio Solution File, Format Version 12.00
# Visual Studio 15
VisualStudioVersion = 15.0.27130.2010
MinimumVisualStudioVersion = 10.0.40219.1
Project("{9A19103F-16F7-4668-BE54-9A1E7A4F7556}") = "DiscordSink", "DiscordSink\DiscordSink.csproj", "{3632B2F3-62EF-4BBE-A085-9631C179EE90}"
EndProject
Project("{9A19103F-16F7-4668-BE54-9A1E7A4F7556}") = "DiscordSink.Example", "DiscordSink.Example\DiscordSink.Example.csproj", "{9649364B-A770-4516-B25D-0CB33E1A15B0}"
	ProjectSection(ProjectDependencies) = postProject
		{3632B2F3-62EF-4BBE-A085-9631C179EE90} = {3632B2F3-62EF-4BBE-A085-9631C179EE90}
	EndProjectSection
EndProject
Global
	GlobalSection(SolutionConfigurationPlatforms) = preSolution
		Debug|Any CPU = Debug|Any CPU
		Release|Any CPU = Release|Any CPU
	EndGlobalSection
	GlobalSection(ProjectConfigurationPlatforms) = postSolution
		{3632B2F3-62EF-4BBE-A085-9631C179EE90}.Debug|Any CPU.ActiveCfg = Debug|Any CPU
		{3632B2F3-62EF-4BBE-A085-9631C179EE90}.Debug|Any CPU.Build.0 = Debug|Any CPU
		{3632B2F3-62EF-4BBE-A085-9631C179EE90}.Release|Any CPU.ActiveCfg = Release|Any CPU
		{3632B2F3-62EF-4BBE-A085-9631C179EE90}.Release|Any CPU.Build.0 = Release|Any CPU
		{9649364B-A770-4516-B25D-0CB33E1A15B0}.Debug|Any CPU.ActiveCfg = Debug|Any CPU
		{9649364B-A770-4516-B25D-0CB33E1A15B0}.Debug|Any CPU.Build.0 = Debug|Any CPU
		{9649364B-A770-4516-B25D-0CB33E1A15B0}.Release|Any CPU.ActiveCfg = Release|Any CPU
		{9649364B-A770-4516-B25D-0CB33E1A15B0}.Release|Any CPU.Build.0 = Release|Any CPU
	EndGlobalSection
	GlobalSection(SolutionProperties) = preSolution
		HideSolutionNode = FALSE
	EndGlobalSection
	GlobalSection(ExtensibilityGlobals) = postSolution
		SolutionGuid = {9AAD4634-99B1-43D9-B1E8-3F1BFC99790F}
	EndGlobalSection
EndGlobal
